
Microsoft Visual Studio Solution File, Format Version 12.00
Project("{FAE04EC0-301F-11D3-BF4B-00C04F79EFBC}") = "FactoryMethod", "FactoryMethod\FactoryMethod.csproj", "{0FA47990-E18F-4CB1-8DF9-5CCB1BEDA3DD}"
EndProject
Project("{FAE04EC0-301F-11D3-BF4B-00C04F79EFBC}") = "AbstractFactory", "AbstractFactory\AbstractFactory.csproj", "{C01263C2-B454-4ADB-8DF2-3654D9CACB34}"
EndProject
Project("{FAE04EC0-301F-11D3-BF4B-00C04F79EFBC}") = "Builder", "Builder\Builder.csproj", "{AC33F0A9-345E-491C-BEDD-318D3020A4C3}"
EndProject
Project("{FAE04EC0-301F-11D3-BF4B-00C04F79EFBC}") = "Prototype", "Prototype\Prototype.csproj", "{F42BDD47-73A5-4D3B-B194-9456E4A27E73}"
EndProject
Project("{FAE04EC0-301F-11D3-BF4B-00C04F79EFBC}") = "Singleton", "Singleton\Singleton.csproj", "{94722A46-2DB8-42B4-BACD-CED2D41D8594}"
EndProject
Project("{2150E333-8FDC-42A3-9474-1A3956D46DE8}") = "Creational", "Creational", "{39B89E6D-F5E6-4356-AFFC-F98934F5CE1F}"
EndProject
Project("{2150E333-8FDC-42A3-9474-1A3956D46DE8}") = "Structural", "Structural", "{68D21F66-9998-469D-AC93-C112363DD25C}"
EndProject
Project("{FAE04EC0-301F-11D3-BF4B-00C04F79EFBC}") = "Adapter", "Adapter\Adapter.csproj", "{8A38BC99-1961-4507-BEE8-7D8D830C3A3A}"
EndProject
Project("{FAE04EC0-301F-11D3-BF4B-00C04F79EFBC}") = "Bridge", "Bridge\Bridge.csproj", "{FD330A9E-4A7A-4B48-8872-6543FB1116BA}"
EndProject
Project("{FAE04EC0-301F-11D3-BF4B-00C04F79EFBC}") = "Composite", "Composite\Composite.csproj", "{FD5B7224-B37B-4972-90B1-45FCA6659C8F}"
EndProject
Project("{FAE04EC0-301F-11D3-BF4B-00C04F79EFBC}") = "Decorator", "Decorator\Decorator.csproj", "{D1A694B9-326A-438E-85CB-5699E8C111BD}"
EndProject
Project("{FAE04EC0-301F-11D3-BF4B-00C04F79EFBC}") = "Facade", "Facade\Facade.csproj", "{2BBC398B-78C0-4842-AB2B-1047EB8ADF98}"
EndProject
Project("{FAE04EC0-301F-11D3-BF4B-00C04F79EFBC}") = "Flyweight", "Flyweight\Flyweight.csproj", "{EB62152B-AEA5-4CBB-96F4-D4E1AD6B95B5}"
EndProject
Project("{FAE04EC0-301F-11D3-BF4B-00C04F79EFBC}") = "Proxy", "Proxy\Proxy.csproj", "{AB8BBDF1-81DC-4C08-B498-AF78DEC97335}"
EndProject
Project("{2150E333-8FDC-42A3-9474-1A3956D46DE8}") = "Behavioral", "Behavioral", "{283268F1-AD91-4B17-8848-21680FAB0382}"
EndProject
Project("{FAE04EC0-301F-11D3-BF4B-00C04F79EFBC}") = "ChainOfResponsibility", "ChainOfResponsibility\ChainOfResponsibility.csproj", "{AEE8987A-95E0-4045-BADA-1B232B33A599}"
EndProject
Project("{FAE04EC0-301F-11D3-BF4B-00C04F79EFBC}") = "Command", "Command\Command.csproj", "{50F883A2-0B13-48E9-A5E6-84AA1B711560}"
EndProject
Project("{FAE04EC0-301F-11D3-BF4B-00C04F79EFBC}") = "Iterator", "Iterator\Iterator.csproj", "{C5BE668A-E54B-4DFF-9DD3-1D11514105E4}"
EndProject
Project("{FAE04EC0-301F-11D3-BF4B-00C04F79EFBC}") = "Mediator", "Mediator\Mediator.csproj", "{0EB7D31A-134E-47B0-9546-81E2F6CE03AF}"
EndProject
Project("{FAE04EC0-301F-11D3-BF4B-00C04F79EFBC}") = "Memento", "Memento\Memento.csproj", "{455B7B33-FAAF-4E1D-87A2-3AC85E4F8617}"
EndProject
Project("{FAE04EC0-301F-11D3-BF4B-00C04F79EFBC}") = "Observer", "Observer\Observer.csproj", "{70774005-AB68-4E60-8277-2C6501E5FB7D}"
EndProject
Project("{FAE04EC0-301F-11D3-BF4B-00C04F79EFBC}") = "State", "State\State.csproj", "{21C1EFEE-413C-45EB-A969-950B0801DEF7}"
EndProject
Project("{FAE04EC0-301F-11D3-BF4B-00C04F79EFBC}") = "Strategy", "Strategy\Strategy.csproj", "{DA71C8AD-A7F8-4258-A039-B95224BD85CA}"
EndProject
Project("{FAE04EC0-301F-11D3-BF4B-00C04F79EFBC}") = "TemplateMethod", "TemplateMethod\TemplateMethod.csproj", "{18CE253C-62CA-46ED-9966-906A01D542DE}"
EndProject
Project("{FAE04EC0-301F-11D3-BF4B-00C04F79EFBC}") = "Visitor", "Visitor\Visitor.csproj", "{F0A7CCED-388C-45AC-8954-500FD69B3621}"
EndProject
Global
	GlobalSection(SolutionConfigurationPlatforms) = preSolution
		Debug|Any CPU = Debug|Any CPU
		Release|Any CPU = Release|Any CPU
	EndGlobalSection
	GlobalSection(ProjectConfigurationPlatforms) = postSolution
		{0FA47990-E18F-4CB1-8DF9-5CCB1BEDA3DD}.Debug|Any CPU.ActiveCfg = Debug|Any CPU
		{0FA47990-E18F-4CB1-8DF9-5CCB1BEDA3DD}.Debug|Any CPU.Build.0 = Debug|Any CPU
		{0FA47990-E18F-4CB1-8DF9-5CCB1BEDA3DD}.Release|Any CPU.ActiveCfg = Release|Any CPU
		{0FA47990-E18F-4CB1-8DF9-5CCB1BEDA3DD}.Release|Any CPU.Build.0 = Release|Any CPU
		{C01263C2-B454-4ADB-8DF2-3654D9CACB34}.Debug|Any CPU.ActiveCfg = Debug|Any CPU
		{C01263C2-B454-4ADB-8DF2-3654D9CACB34}.Debug|Any CPU.Build.0 = Debug|Any CPU
		{C01263C2-B454-4ADB-8DF2-3654D9CACB34}.Release|Any CPU.ActiveCfg = Release|Any CPU
		{C01263C2-B454-4ADB-8DF2-3654D9CACB34}.Release|Any CPU.Build.0 = Release|Any CPU
		{AC33F0A9-345E-491C-BEDD-318D3020A4C3}.Debug|Any CPU.ActiveCfg = Debug|Any CPU
		{AC33F0A9-345E-491C-BEDD-318D3020A4C3}.Debug|Any CPU.Build.0 = Debug|Any CPU
		{AC33F0A9-345E-491C-BEDD-318D3020A4C3}.Release|Any CPU.ActiveCfg = Release|Any CPU
		{AC33F0A9-345E-491C-BEDD-318D3020A4C3}.Release|Any CPU.Build.0 = Release|Any CPU
		{F42BDD47-73A5-4D3B-B194-9456E4A27E73}.Debug|Any CPU.ActiveCfg = Debug|Any CPU
		{F42BDD47-73A5-4D3B-B194-9456E4A27E73}.Debug|Any CPU.Build.0 = Debug|Any CPU
		{F42BDD47-73A5-4D3B-B194-9456E4A27E73}.Release|Any CPU.ActiveCfg = Release|Any CPU
		{F42BDD47-73A5-4D3B-B194-9456E4A27E73}.Release|Any CPU.Build.0 = Release|Any CPU
		{94722A46-2DB8-42B4-BACD-CED2D41D8594}.Debug|Any CPU.ActiveCfg = Debug|Any CPU
		{94722A46-2DB8-42B4-BACD-CED2D41D8594}.Debug|Any CPU.Build.0 = Debug|Any CPU
		{94722A46-2DB8-42B4-BACD-CED2D41D8594}.Release|Any CPU.ActiveCfg = Release|Any CPU
		{94722A46-2DB8-42B4-BACD-CED2D41D8594}.Release|Any CPU.Build.0 = Release|Any CPU
		{8A38BC99-1961-4507-BEE8-7D8D830C3A3A}.Debug|Any CPU.ActiveCfg = Debug|Any CPU
		{8A38BC99-1961-4507-BEE8-7D8D830C3A3A}.Debug|Any CPU.Build.0 = Debug|Any CPU
		{8A38BC99-1961-4507-BEE8-7D8D830C3A3A}.Release|Any CPU.ActiveCfg = Release|Any CPU
		{8A38BC99-1961-4507-BEE8-7D8D830C3A3A}.Release|Any CPU.Build.0 = Release|Any CPU
		{FD330A9E-4A7A-4B48-8872-6543FB1116BA}.Debug|Any CPU.ActiveCfg = Debug|Any CPU
		{FD330A9E-4A7A-4B48-8872-6543FB1116BA}.Debug|Any CPU.Build.0 = Debug|Any CPU
		{FD330A9E-4A7A-4B48-8872-6543FB1116BA}.Release|Any CPU.ActiveCfg = Release|Any CPU
		{FD330A9E-4A7A-4B48-8872-6543FB1116BA}.Release|Any CPU.Build.0 = Release|Any CPU
		{FD5B7224-B37B-4972-90B1-45FCA6659C8F}.Debug|Any CPU.ActiveCfg = Debug|Any CPU
		{FD5B7224-B37B-4972-90B1-45FCA6659C8F}.Debug|Any CPU.Build.0 = Debug|Any CPU
		{FD5B7224-B37B-4972-90B1-45FCA6659C8F}.Release|Any CPU.ActiveCfg = Release|Any CPU
		{FD5B7224-B37B-4972-90B1-45FCA6659C8F}.Release|Any CPU.Build.0 = Release|Any CPU
		{D1A694B9-326A-438E-85CB-5699E8C111BD}.Debug|Any CPU.ActiveCfg = Debug|Any CPU
		{D1A694B9-326A-438E-85CB-5699E8C111BD}.Debug|Any CPU.Build.0 = Debug|Any CPU
		{D1A694B9-326A-438E-85CB-5699E8C111BD}.Release|Any CPU.ActiveCfg = Release|Any CPU
		{D1A694B9-326A-438E-85CB-5699E8C111BD}.Release|Any CPU.Build.0 = Release|Any CPU
		{2BBC398B-78C0-4842-AB2B-1047EB8ADF98}.Debug|Any CPU.ActiveCfg = Debug|Any CPU
		{2BBC398B-78C0-4842-AB2B-1047EB8ADF98}.Debug|Any CPU.Build.0 = Debug|Any CPU
		{2BBC398B-78C0-4842-AB2B-1047EB8ADF98}.Release|Any CPU.ActiveCfg = Release|Any CPU
		{2BBC398B-78C0-4842-AB2B-1047EB8ADF98}.Release|Any CPU.Build.0 = Release|Any CPU
		{EB62152B-AEA5-4CBB-96F4-D4E1AD6B95B5}.Debug|Any CPU.ActiveCfg = Debug|Any CPU
		{EB62152B-AEA5-4CBB-96F4-D4E1AD6B95B5}.Debug|Any CPU.Build.0 = Debug|Any CPU
		{EB62152B-AEA5-4CBB-96F4-D4E1AD6B95B5}.Release|Any CPU.ActiveCfg = Release|Any CPU
		{EB62152B-AEA5-4CBB-96F4-D4E1AD6B95B5}.Release|Any CPU.Build.0 = Release|Any CPU
		{AB8BBDF1-81DC-4C08-B498-AF78DEC97335}.Debug|Any CPU.ActiveCfg = Debug|Any CPU
		{AB8BBDF1-81DC-4C08-B498-AF78DEC97335}.Debug|Any CPU.Build.0 = Debug|Any CPU
		{AB8BBDF1-81DC-4C08-B498-AF78DEC97335}.Release|Any CPU.ActiveCfg = Release|Any CPU
		{AB8BBDF1-81DC-4C08-B498-AF78DEC97335}.Release|Any CPU.Build.0 = Release|Any CPU
		{AEE8987A-95E0-4045-BADA-1B232B33A599}.Debug|Any CPU.ActiveCfg = Debug|Any CPU
		{AEE8987A-95E0-4045-BADA-1B232B33A599}.Debug|Any CPU.Build.0 = Debug|Any CPU
		{AEE8987A-95E0-4045-BADA-1B232B33A599}.Release|Any CPU.ActiveCfg = Release|Any CPU
		{AEE8987A-95E0-4045-BADA-1B232B33A599}.Release|Any CPU.Build.0 = Release|Any CPU
		{50F883A2-0B13-48E9-A5E6-84AA1B711560}.Debug|Any CPU.ActiveCfg = Debug|Any CPU
		{50F883A2-0B13-48E9-A5E6-84AA1B711560}.Debug|Any CPU.Build.0 = Debug|Any CPU
		{50F883A2-0B13-48E9-A5E6-84AA1B711560}.Release|Any CPU.ActiveCfg = Release|Any CPU
		{50F883A2-0B13-48E9-A5E6-84AA1B711560}.Release|Any CPU.Build.0 = Release|Any CPU
		{C5BE668A-E54B-4DFF-9DD3-1D11514105E4}.Debug|Any CPU.ActiveCfg = Debug|Any CPU
		{C5BE668A-E54B-4DFF-9DD3-1D11514105E4}.Debug|Any CPU.Build.0 = Debug|Any CPU
		{C5BE668A-E54B-4DFF-9DD3-1D11514105E4}.Release|Any CPU.ActiveCfg = Release|Any CPU
		{C5BE668A-E54B-4DFF-9DD3-1D11514105E4}.Release|Any CPU.Build.0 = Release|Any CPU
		{0EB7D31A-134E-47B0-9546-81E2F6CE03AF}.Debug|Any CPU.ActiveCfg = Debug|Any CPU
		{0EB7D31A-134E-47B0-9546-81E2F6CE03AF}.Debug|Any CPU.Build.0 = Debug|Any CPU
		{0EB7D31A-134E-47B0-9546-81E2F6CE03AF}.Release|Any CPU.ActiveCfg = Release|Any CPU
		{0EB7D31A-134E-47B0-9546-81E2F6CE03AF}.Release|Any CPU.Build.0 = Release|Any CPU
		{455B7B33-FAAF-4E1D-87A2-3AC85E4F8617}.Debug|Any CPU.ActiveCfg = Debug|Any CPU
		{455B7B33-FAAF-4E1D-87A2-3AC85E4F8617}.Debug|Any CPU.Build.0 = Debug|Any CPU
		{455B7B33-FAAF-4E1D-87A2-3AC85E4F8617}.Release|Any CPU.ActiveCfg = Release|Any CPU
		{455B7B33-FAAF-4E1D-87A2-3AC85E4F8617}.Release|Any CPU.Build.0 = Release|Any CPU
		{70774005-AB68-4E60-8277-2C6501E5FB7D}.Debug|Any CPU.ActiveCfg = Debug|Any CPU
		{70774005-AB68-4E60-8277-2C6501E5FB7D}.Debug|Any CPU.Build.0 = Debug|Any CPU
		{70774005-AB68-4E60-8277-2C6501E5FB7D}.Release|Any CPU.ActiveCfg = Release|Any CPU
		{70774005-AB68-4E60-8277-2C6501E5FB7D}.Release|Any CPU.Build.0 = Release|Any CPU
		{21C1EFEE-413C-45EB-A969-950B0801DEF7}.Debug|Any CPU.ActiveCfg = Debug|Any CPU
		{21C1EFEE-413C-45EB-A969-950B0801DEF7}.Debug|Any CPU.Build.0 = Debug|Any CPU
		{21C1EFEE-413C-45EB-A969-950B0801DEF7}.Release|Any CPU.ActiveCfg = Release|Any CPU
		{21C1EFEE-413C-45EB-A969-950B0801DEF7}.Release|Any CPU.Build.0 = Release|Any CPU
		{DA71C8AD-A7F8-4258-A039-B95224BD85CA}.Debug|Any CPU.ActiveCfg = Debug|Any CPU
		{DA71C8AD-A7F8-4258-A039-B95224BD85CA}.Debug|Any CPU.Build.0 = Debug|Any CPU
		{DA71C8AD-A7F8-4258-A039-B95224BD85CA}.Release|Any CPU.ActiveCfg = Release|Any CPU
		{DA71C8AD-A7F8-4258-A039-B95224BD85CA}.Release|Any CPU.Build.0 = Release|Any CPU
		{18CE253C-62CA-46ED-9966-906A01D542DE}.Debug|Any CPU.ActiveCfg = Debug|Any CPU
		{18CE253C-62CA-46ED-9966-906A01D542DE}.Debug|Any CPU.Build.0 = Debug|Any CPU
		{18CE253C-62CA-46ED-9966-906A01D542DE}.Release|Any CPU.ActiveCfg = Release|Any CPU
		{18CE253C-62CA-46ED-9966-906A01D542DE}.Release|Any CPU.Build.0 = Release|Any CPU
		{F0A7CCED-388C-45AC-8954-500FD69B3621}.Debug|Any CPU.ActiveCfg = Debug|Any CPU
		{F0A7CCED-388C-45AC-8954-500FD69B3621}.Debug|Any CPU.Build.0 = Debug|Any CPU
		{F0A7CCED-388C-45AC-8954-500FD69B3621}.Release|Any CPU.ActiveCfg = Release|Any CPU
		{F0A7CCED-388C-45AC-8954-500FD69B3621}.Release|Any CPU.Build.0 = Release|Any CPU
	EndGlobalSection
	GlobalSection(NestedProjects) = preSolution
		{C01263C2-B454-4ADB-8DF2-3654D9CACB34} = {39B89E6D-F5E6-4356-AFFC-F98934F5CE1F}
		{AC33F0A9-345E-491C-BEDD-318D3020A4C3} = {39B89E6D-F5E6-4356-AFFC-F98934F5CE1F}
		{0FA47990-E18F-4CB1-8DF9-5CCB1BEDA3DD} = {39B89E6D-F5E6-4356-AFFC-F98934F5CE1F}
		{F42BDD47-73A5-4D3B-B194-9456E4A27E73} = {39B89E6D-F5E6-4356-AFFC-F98934F5CE1F}
		{94722A46-2DB8-42B4-BACD-CED2D41D8594} = {39B89E6D-F5E6-4356-AFFC-F98934F5CE1F}
		{8A38BC99-1961-4507-BEE8-7D8D830C3A3A} = {68D21F66-9998-469D-AC93-C112363DD25C}
		{FD330A9E-4A7A-4B48-8872-6543FB1116BA} = {68D21F66-9998-469D-AC93-C112363DD25C}
		{FD5B7224-B37B-4972-90B1-45FCA6659C8F} = {68D21F66-9998-469D-AC93-C112363DD25C}
		{D1A694B9-326A-438E-85CB-5699E8C111BD} = {68D21F66-9998-469D-AC93-C112363DD25C}
		{2BBC398B-78C0-4842-AB2B-1047EB8ADF98} = {68D21F66-9998-469D-AC93-C112363DD25C}
		{EB62152B-AEA5-4CBB-96F4-D4E1AD6B95B5} = {68D21F66-9998-469D-AC93-C112363DD25C}
		{AB8BBDF1-81DC-4C08-B498-AF78DEC97335} = {68D21F66-9998-469D-AC93-C112363DD25C}
		{AEE8987A-95E0-4045-BADA-1B232B33A599} = {283268F1-AD91-4B17-8848-21680FAB0382}
		{50F883A2-0B13-48E9-A5E6-84AA1B711560} = {283268F1-AD91-4B17-8848-21680FAB0382}
		{C5BE668A-E54B-4DFF-9DD3-1D11514105E4} = {283268F1-AD91-4B17-8848-21680FAB0382}
		{0EB7D31A-134E-47B0-9546-81E2F6CE03AF} = {283268F1-AD91-4B17-8848-21680FAB0382}
		{455B7B33-FAAF-4E1D-87A2-3AC85E4F8617} = {283268F1-AD91-4B17-8848-21680FAB0382}
		{70774005-AB68-4E60-8277-2C6501E5FB7D} = {283268F1-AD91-4B17-8848-21680FAB0382}
		{21C1EFEE-413C-45EB-A969-950B0801DEF7} = {283268F1-AD91-4B17-8848-21680FAB0382}
		{DA71C8AD-A7F8-4258-A039-B95224BD85CA} = {283268F1-AD91-4B17-8848-21680FAB0382}
		{18CE253C-62CA-46ED-9966-906A01D542DE} = {283268F1-AD91-4B17-8848-21680FAB0382}
		{F0A7CCED-388C-45AC-8954-500FD69B3621} = {283268F1-AD91-4B17-8848-21680FAB0382}
	EndGlobalSection
EndGlobal
