
Microsoft Visual Studio Solution File, Format Version 12.00
Project("{FAE04EC0-301F-11D3-BF4B-00C04F79EFBC}") = "FactoryMethod", "FactoryMethod\FactoryMethod.csproj", "{0FA47990-E18F-4CB1-8DF9-5CCB1BEDA3DD}"
EndProject
Project("{FAE04EC0-301F-11D3-BF4B-00C04F79EFBC}") = "AbstractFactory", "AbstractFactory\AbstractFactory.csproj", "{C01263C2-B454-4ADB-8DF2-3654D9CACB34}"
EndProject
Project("{FAE04EC0-301F-11D3-BF4B-00C04F79EFBC}") = "Builder", "Builder\Builder.csproj", "{AC33F0A9-345E-491C-BEDD-318D3020A4C3}"
EndProject
Project("{FAE04EC0-301F-11D3-BF4B-00C04F79EFBC}") = "Prototype", "Prototype\Prototype.csproj", "{F42BDD47-73A5-4D3B-B194-9456E4A27E73}"
EndProject
Project("{FAE04EC0-301F-11D3-BF4B-00C04F79EFBC}") = "Singleton", "Singleton\Singleton.csproj", "{94722A46-2DB8-42B4-BACD-CED2D41D8594}"
EndProject
Project("{2150E333-8FDC-42A3-9474-1A3956D46DE8}") = "Creational", "Creational", "{39B89E6D-F5E6-4356-AFFC-F98934F5CE1F}"
EndProject
Project("{2150E333-8FDC-42A3-9474-1A3956D46DE8}") = "Structural", "Structural", "{68D21F66-9998-469D-AC93-C112363DD25C}"
EndProject
Project("{FAE04EC0-301F-11D3-BF4B-00C04F79EFBC}") = "Adapter", "Adapter\Adapter.csproj", "{8A38BC99-1961-4507-BEE8-7D8D830C3A3A}"
EndProject
Project("{FAE04EC0-301F-11D3-BF4B-00C04F79EFBC}") = "Bridge", "Bridge\Bridge.csproj", "{FD330A9E-4A7A-4B48-8872-6543FB1116BA}"
EndProject
Global
	GlobalSection(SolutionConfigurationPlatforms) = preSolution
		Debug|Any CPU = Debug|Any CPU
		Release|Any CPU = Release|Any CPU
	EndGlobalSection
	GlobalSection(ProjectConfigurationPlatforms) = postSolution
		{0FA47990-E18F-4CB1-8DF9-5CCB1BEDA3DD}.Debug|Any CPU.ActiveCfg = Debug|Any CPU
		{0FA47990-E18F-4CB1-8DF9-5CCB1BEDA3DD}.Debug|Any CPU.Build.0 = Debug|Any CPU
		{0FA47990-E18F-4CB1-8DF9-5CCB1BEDA3DD}.Release|Any CPU.ActiveCfg = Release|Any CPU
		{0FA47990-E18F-4CB1-8DF9-5CCB1BEDA3DD}.Release|Any CPU.Build.0 = Release|Any CPU
		{C01263C2-B454-4ADB-8DF2-3654D9CACB34}.Debug|Any CPU.ActiveCfg = Debug|Any CPU
		{C01263C2-B454-4ADB-8DF2-3654D9CACB34}.Debug|Any CPU.Build.0 = Debug|Any CPU
		{C01263C2-B454-4ADB-8DF2-3654D9CACB34}.Release|Any CPU.ActiveCfg = Release|Any CPU
		{C01263C2-B454-4ADB-8DF2-3654D9CACB34}.Release|Any CPU.Build.0 = Release|Any CPU
		{AC33F0A9-345E-491C-BEDD-318D3020A4C3}.Debug|Any CPU.ActiveCfg = Debug|Any CPU
		{AC33F0A9-345E-491C-BEDD-318D3020A4C3}.Debug|Any CPU.Build.0 = Debug|Any CPU
		{AC33F0A9-345E-491C-BEDD-318D3020A4C3}.Release|Any CPU.ActiveCfg = Release|Any CPU
		{AC33F0A9-345E-491C-BEDD-318D3020A4C3}.Release|Any CPU.Build.0 = Release|Any CPU
		{F42BDD47-73A5-4D3B-B194-9456E4A27E73}.Debug|Any CPU.ActiveCfg = Debug|Any CPU
		{F42BDD47-73A5-4D3B-B194-9456E4A27E73}.Debug|Any CPU.Build.0 = Debug|Any CPU
		{F42BDD47-73A5-4D3B-B194-9456E4A27E73}.Release|Any CPU.ActiveCfg = Release|Any CPU
		{F42BDD47-73A5-4D3B-B194-9456E4A27E73}.Release|Any CPU.Build.0 = Release|Any CPU
		{94722A46-2DB8-42B4-BACD-CED2D41D8594}.Debug|Any CPU.ActiveCfg = Debug|Any CPU
		{94722A46-2DB8-42B4-BACD-CED2D41D8594}.Debug|Any CPU.Build.0 = Debug|Any CPU
		{94722A46-2DB8-42B4-BACD-CED2D41D8594}.Release|Any CPU.ActiveCfg = Release|Any CPU
		{94722A46-2DB8-42B4-BACD-CED2D41D8594}.Release|Any CPU.Build.0 = Release|Any CPU
		{8A38BC99-1961-4507-BEE8-7D8D830C3A3A}.Debug|Any CPU.ActiveCfg = Debug|Any CPU
		{8A38BC99-1961-4507-BEE8-7D8D830C3A3A}.Debug|Any CPU.Build.0 = Debug|Any CPU
		{8A38BC99-1961-4507-BEE8-7D8D830C3A3A}.Release|Any CPU.ActiveCfg = Release|Any CPU
		{8A38BC99-1961-4507-BEE8-7D8D830C3A3A}.Release|Any CPU.Build.0 = Release|Any CPU
		{FD330A9E-4A7A-4B48-8872-6543FB1116BA}.Debug|Any CPU.ActiveCfg = Debug|Any CPU
		{FD330A9E-4A7A-4B48-8872-6543FB1116BA}.Debug|Any CPU.Build.0 = Debug|Any CPU
		{FD330A9E-4A7A-4B48-8872-6543FB1116BA}.Release|Any CPU.ActiveCfg = Release|Any CPU
		{FD330A9E-4A7A-4B48-8872-6543FB1116BA}.Release|Any CPU.Build.0 = Release|Any CPU
	EndGlobalSection
	GlobalSection(NestedProjects) = preSolution
		{C01263C2-B454-4ADB-8DF2-3654D9CACB34} = {39B89E6D-F5E6-4356-AFFC-F98934F5CE1F}
		{AC33F0A9-345E-491C-BEDD-318D3020A4C3} = {39B89E6D-F5E6-4356-AFFC-F98934F5CE1F}
		{0FA47990-E18F-4CB1-8DF9-5CCB1BEDA3DD} = {39B89E6D-F5E6-4356-AFFC-F98934F5CE1F}
		{F42BDD47-73A5-4D3B-B194-9456E4A27E73} = {39B89E6D-F5E6-4356-AFFC-F98934F5CE1F}
		{94722A46-2DB8-42B4-BACD-CED2D41D8594} = {39B89E6D-F5E6-4356-AFFC-F98934F5CE1F}
		{8A38BC99-1961-4507-BEE8-7D8D830C3A3A} = {68D21F66-9998-469D-AC93-C112363DD25C}
		{FD330A9E-4A7A-4B48-8872-6543FB1116BA} = {68D21F66-9998-469D-AC93-C112363DD25C}
	EndGlobalSection
EndGlobal
